
Microsoft Visual Studio Solution File, Format Version 12.00
# Visual Studio Version 17
VisualStudioVersion = 17.9.34728.123
MinimumVisualStudioVersion = 10.0.40219.1
Project("{FAE04EC0-301F-11D3-BF4B-00C04F79EFBC}") = "AMF", "AMF\AMF.csproj", "{F85C16A3-C7E3-4639-9C5E-E2B836266236}"
EndProject
Project("{FAE04EC0-301F-11D3-BF4B-00C04F79EFBC}") = "BusinessOperation", "BusinessOperation\BusinessOperation.csproj", "{5DC4FD71-B191-40DF-B31B-08A1AB786FCB}"
EndProject
Project("{FAE04EC0-301F-11D3-BF4B-00C04F79EFBC}") = "DataAccess", "DataAccess\DataAccess.csproj", "{227FCD95-0D37-4FBE-8C74-507B10D19937}"
EndProject
Global
	GlobalSection(SolutionConfigurationPlatforms) = preSolution
		Debug|Any CPU = Debug|Any CPU
		Release|Any CPU = Release|Any CPU
	EndGlobalSection
	GlobalSection(ProjectConfigurationPlatforms) = postSolution
		{F85C16A3-C7E3-4639-9C5E-E2B836266236}.Debug|Any CPU.ActiveCfg = Debug|Any CPU
		{F85C16A3-C7E3-4639-9C5E-E2B836266236}.Debug|Any CPU.Build.0 = Debug|Any CPU
		{F85C16A3-C7E3-4639-9C5E-E2B836266236}.Release|Any CPU.ActiveCfg = Release|Any CPU
		{F85C16A3-C7E3-4639-9C5E-E2B836266236}.Release|Any CPU.Build.0 = Release|Any CPU
		{5DC4FD71-B191-40DF-B31B-08A1AB786FCB}.Debug|Any CPU.ActiveCfg = Debug|Any CPU
		{5DC4FD71-B191-40DF-B31B-08A1AB786FCB}.Debug|Any CPU.Build.0 = Debug|Any CPU
		{5DC4FD71-B191-40DF-B31B-08A1AB786FCB}.Release|Any CPU.ActiveCfg = Release|Any CPU
		{5DC4FD71-B191-40DF-B31B-08A1AB786FCB}.Release|Any CPU.Build.0 = Release|Any CPU
		{227FCD95-0D37-4FBE-8C74-507B10D19937}.Debug|Any CPU.ActiveCfg = Debug|Any CPU
		{227FCD95-0D37-4FBE-8C74-507B10D19937}.Debug|Any CPU.Build.0 = Debug|Any CPU
		{227FCD95-0D37-4FBE-8C74-507B10D19937}.Release|Any CPU.ActiveCfg = Release|Any CPU
		{227FCD95-0D37-4FBE-8C74-507B10D19937}.Release|Any CPU.Build.0 = Release|Any CPU
	EndGlobalSection
	GlobalSection(SolutionProperties) = preSolution
		HideSolutionNode = FALSE
	EndGlobalSection
	GlobalSection(ExtensibilityGlobals) = postSolution
		SolutionGuid = {AD43060E-1C85-4BFD-85C3-C0B306336FD5}
	EndGlobalSection
EndGlobal
